
Microsoft Visual Studio Solution File, Format Version 12.00
# Visual Studio Version 17
VisualStudioVersion = 17.0.32014.148
MinimumVisualStudioVersion = 10.0.40219.1
Project("{9A19103F-16F7-4668-BE54-9A1E7A4F7556}") = "RhinoPackager", "src\RhinoPackager\RhinoPackager.csproj", "{4FD2FB0A-6FC6-44CC-8D8C-42E4141DD02F}"
EndProject
Project("{9A19103F-16F7-4668-BE54-9A1E7A4F7556}") = "RhinoPackager.Build", "build\RhinoPackager.Build\RhinoPackager.Build.csproj", "{6B4E2A4B-7C6B-4A0B-BA7A-A570FEDFF8F2}"
EndProject
Global
	GlobalSection(SolutionConfigurationPlatforms) = preSolution
		Debug|Any CPU = Debug|Any CPU
		Release|Any CPU = Release|Any CPU
	EndGlobalSection
	GlobalSection(ProjectConfigurationPlatforms) = postSolution
		{4FD2FB0A-6FC6-44CC-8D8C-42E4141DD02F}.Debug|Any CPU.ActiveCfg = Debug|Any CPU
		{4FD2FB0A-6FC6-44CC-8D8C-42E4141DD02F}.Debug|Any CPU.Build.0 = Debug|Any CPU
		{4FD2FB0A-6FC6-44CC-8D8C-42E4141DD02F}.Release|Any CPU.ActiveCfg = Release|Any CPU
		{4FD2FB0A-6FC6-44CC-8D8C-42E4141DD02F}.Release|Any CPU.Build.0 = Release|Any CPU
		{6B4E2A4B-7C6B-4A0B-BA7A-A570FEDFF8F2}.Debug|Any CPU.ActiveCfg = Debug|Any CPU
		{6B4E2A4B-7C6B-4A0B-BA7A-A570FEDFF8F2}.Debug|Any CPU.Build.0 = Debug|Any CPU
		{6B4E2A4B-7C6B-4A0B-BA7A-A570FEDFF8F2}.Release|Any CPU.ActiveCfg = Release|Any CPU
		{6B4E2A4B-7C6B-4A0B-BA7A-A570FEDFF8F2}.Release|Any CPU.Build.0 = Release|Any CPU
	EndGlobalSection
	GlobalSection(SolutionProperties) = preSolution
		HideSolutionNode = FALSE
	EndGlobalSection
	GlobalSection(ExtensibilityGlobals) = postSolution
		SolutionGuid = {E64F245E-12CB-4B02-8B73-F8DA2F7AAE0D}
	EndGlobalSection
EndGlobal
